Microsoft Visual Studio Solution File, Format Version 12.00
# Visual Studio 2012
Project("{FAE04EC0-301F-11D3-BF4B-00C04F79EFBC}") = "investigation-competition", "investigation-competition.csproj", "{EBCC045A-668F-457F-A2F7-99E37B9FFCCC}"
EndProject
Global
	GlobalSection(SolutionConfigurationPlatforms) = preSolution
	Debug|Any CPU = Debug|Any CPU
	ExportDebug|Any CPU = ExportDebug|Any CPU
	ExportRelease|Any CPU = ExportRelease|Any CPU
	EndGlobalSection
	GlobalSection(ProjectConfigurationPlatforms) = postSolution
		{EBCC045A-668F-457F-A2F7-99E37B9FFCCC}.Debug|Any CPU.ActiveCfg = Debug|Any CPU
		{EBCC045A-668F-457F-A2F7-99E37B9FFCCC}.Debug|Any CPU.Build.0 = Debug|Any CPU
		{EBCC045A-668F-457F-A2F7-99E37B9FFCCC}.ExportDebug|Any CPU.ActiveCfg = ExportDebug|Any CPU
		{EBCC045A-668F-457F-A2F7-99E37B9FFCCC}.ExportDebug|Any CPU.Build.0 = ExportDebug|Any CPU
		{EBCC045A-668F-457F-A2F7-99E37B9FFCCC}.ExportRelease|Any CPU.ActiveCfg = ExportRelease|Any CPU
		{EBCC045A-668F-457F-A2F7-99E37B9FFCCC}.ExportRelease|Any CPU.Build.0 = ExportRelease|Any CPU
	EndGlobalSection
EndGlobal
